{
  "name": "mda",
  "version": "0.0.0",
  "lockfileVersion": 1,
  "requires": true,
  "dependencies": {
    "@types/node": {
      "version": "9.6.6",
      "resolved": "https://registry.npmjs.org/@types/node/-/node-9.6.6.tgz",
      "integrity": "sha512-SJe0g5cZeGNDP5sD8mIX3scb+eq8LQQZ60FXiKZHipYSeEFZ5EKml+NNMiO76F74TY4PoMWlNxF/YRY40FOvZQ=="
    },
    "@types/socket.io": {
      "version": "1.4.33",
      "resolved": "https://registry.npmjs.org/@types/socket.io/-/socket.io-1.4.33.tgz",
      "integrity": "sha512-5B7fqv/VppCRyYaikMbVlOjy2sXpFxk3AiEyUBnm9HFJrJ8Roej+rekflxsY/la2+shXUWw0s8sRi0jbfQJvIw==",
      "requires": {
        "@types/node": "9.6.6"
      }
    },
    "@types/socket.io-client": {
      "version": "1.4.32",
      "resolved": "https://registry.npmjs.org/@types/socket.io-client/-/socket.io-client-1.4.32.tgz",
      "integrity": "sha512-Vs55Kq8F+OWvy1RLA31rT+cAyemzgm0EWNeax6BWF8H7QiiOYMJIdcwSDdm5LVgfEkoepsWkS+40+WNb7BUMbg=="
    }
  }
}
