{
  "name": "mda",
  "version": "0.0.0",
  "lockfileVersion": 1,
  "requires": true,
  "dependencies": {
    "@types/lodash": {
      "version": "4.14.108",
      "resolved": "https://registry.npmjs.org/@types/lodash/-/lodash-4.14.108.tgz",
      "integrity": "sha512-WD2vUOKfBBVHxWUV9iMR9RMfpuf8HquxWeAq2yqGVL7Nc4JW2+sQama0pREMqzNI3Tutj0PyxYUJwuoxxvX+xA=="
    },
    "@types/node": {
      "version": "9.6.6",
      "resolved": "https://registry.npmjs.org/@types/node/-/node-9.6.6.tgz",
      "integrity": "sha512-SJe0g5cZeGNDP5sD8mIX3scb+eq8LQQZ60FXiKZHipYSeEFZ5EKml+NNMiO76F74TY4PoMWlNxF/YRY40FOvZQ=="
    },
    "@types/pug": {
      "version": "2.0.4",
      "resolved": "https://registry.npmjs.org/@types/pug/-/pug-2.0.4.tgz",
      "integrity": "sha1-h3L80EGOPNLMFxVV1zAHQVBR9LI=",
      "dev": true
    },
    "@types/socket.io": {
      "version": "1.4.33",
      "resolved": "https://registry.npmjs.org/@types/socket.io/-/socket.io-1.4.33.tgz",
      "integrity": "sha512-5B7fqv/VppCRyYaikMbVlOjy2sXpFxk3AiEyUBnm9HFJrJ8Roej+rekflxsY/la2+shXUWw0s8sRi0jbfQJvIw==",
      "requires": {
        "@types/node": "9.6.6"
      }
    },
    "@types/socket.io-client": {
      "version": "1.4.32",
      "resolved": "https://registry.npmjs.org/@types/socket.io-client/-/socket.io-client-1.4.32.tgz",
      "integrity": "sha512-Vs55Kq8F+OWvy1RLA31rT+cAyemzgm0EWNeax6BWF8H7QiiOYMJIdcwSDdm5LVgfEkoepsWkS+40+WNb7BUMbg=="
    },
    "@types/stylus": {
      "version": "0.48.30",
      "resolved": "https://registry.npmjs.org/@types/stylus/-/stylus-0.48.30.tgz",
      "integrity": "sha512-VcBVHKAwx3lm2M63V8g/K6n8D6VP8razrWEDU9T/uNPThiTPMlNrDhNZ+3CpOUX00YzIR5/8PP8C2tXiY0lRqg==",
      "dev": true,
      "requires": {
        "@types/node": "9.6.6"
      }
    },
    "@types/uuid": {
      "version": "3.4.3",
      "resolved": "https://registry.npmjs.org/@types/uuid/-/uuid-3.4.3.tgz",
      "integrity": "sha512-5fRLCYhLtDb3hMWqQyH10qtF+Ud2JnNCXTCZ+9ktNdCcgslcuXkDTkFcJNk++MT29yDntDnlF1+jD+uVGumsbw==",
      "requires": {
        "@types/node": "9.6.6"
      }
    }
  }
}
